
Microsoft Visual Studio Solution File, Format Version 12.00
# Visual Studio 14
VisualStudioVersion = 14.0.23107.0
MinimumVisualStudioVersion = 10.0.40219.1
Project("{FAE04EC0-301F-11D3-BF4B-00C04F79EFBC}") = "SchoolChoicePlayground", "SchoolChoicePlayground\SchoolChoicePlayground.csproj", "{A596DE72-38C5-455A-9CFB-AE53065854B1}"
EndProject
Project("{FAE04EC0-301F-11D3-BF4B-00C04F79EFBC}") = "SchoolChoicePlayground.Tests", "SchoolChoicePlayground.Tests\SchoolChoicePlayground.Tests.csproj", "{340A46D7-B869-4B1A-A709-D4506A02A275}"
EndProject
Global
	GlobalSection(SolutionConfigurationPlatforms) = preSolution
		Debug|Any CPU = Debug|Any CPU
		Release|Any CPU = Release|Any CPU
	EndGlobalSection
	GlobalSection(ProjectConfigurationPlatforms) = postSolution
		{A596DE72-38C5-455A-9CFB-AE53065854B1}.Debug|Any CPU.ActiveCfg = Debug|Any CPU
		{A596DE72-38C5-455A-9CFB-AE53065854B1}.Debug|Any CPU.Build.0 = Debug|Any CPU
		{A596DE72-38C5-455A-9CFB-AE53065854B1}.Release|Any CPU.ActiveCfg = Release|Any CPU
		{A596DE72-38C5-455A-9CFB-AE53065854B1}.Release|Any CPU.Build.0 = Release|Any CPU
		{340A46D7-B869-4B1A-A709-D4506A02A275}.Debug|Any CPU.ActiveCfg = Debug|Any CPU
		{340A46D7-B869-4B1A-A709-D4506A02A275}.Debug|Any CPU.Build.0 = Debug|Any CPU
		{340A46D7-B869-4B1A-A709-D4506A02A275}.Release|Any CPU.ActiveCfg = Release|Any CPU
		{340A46D7-B869-4B1A-A709-D4506A02A275}.Release|Any CPU.Build.0 = Release|Any CPU
	EndGlobalSection
	GlobalSection(SolutionProperties) = preSolution
		HideSolutionNode = FALSE
	EndGlobalSection
EndGlobal
